
Microsoft Visual Studio Solution File, Format Version 12.00
# Visual Studio Version 17
VisualStudioVersion = 17.4.33213.308
MinimumVisualStudioVersion = 10.0.40219.1
Project("{9A19103F-16F7-4668-BE54-9A1E7A4F7556}") = "Solforb", "Solforb.csproj", "{8A5148EA-4482-472D-83F8-5D545519CA00}"
EndProject
Project("{FAE04EC0-301F-11D3-BF4B-00C04F79EFBC}") = "TestSolforb", "..\TestSolforb\TestSolforb.csproj", "{C6FDF30C-34B5-4144-8C3F-0D5B2F915089}"
EndProject
Global
	GlobalSection(SolutionConfigurationPlatforms) = preSolution
		Debug|Any CPU = Debug|Any CPU
		Release|Any CPU = Release|Any CPU
	EndGlobalSection
	GlobalSection(ProjectConfigurationPlatforms) = postSolution
		{8A5148EA-4482-472D-83F8-5D545519CA00}.Debug|Any CPU.ActiveCfg = Debug|Any CPU
		{8A5148EA-4482-472D-83F8-5D545519CA00}.Debug|Any CPU.Build.0 = Debug|Any CPU
		{8A5148EA-4482-472D-83F8-5D545519CA00}.Release|Any CPU.ActiveCfg = Release|Any CPU
		{8A5148EA-4482-472D-83F8-5D545519CA00}.Release|Any CPU.Build.0 = Release|Any CPU
		{C6FDF30C-34B5-4144-8C3F-0D5B2F915089}.Debug|Any CPU.ActiveCfg = Debug|Any CPU
		{C6FDF30C-34B5-4144-8C3F-0D5B2F915089}.Debug|Any CPU.Build.0 = Debug|Any CPU
		{C6FDF30C-34B5-4144-8C3F-0D5B2F915089}.Release|Any CPU.ActiveCfg = Release|Any CPU
		{C6FDF30C-34B5-4144-8C3F-0D5B2F915089}.Release|Any CPU.Build.0 = Release|Any CPU
	EndGlobalSection
	GlobalSection(SolutionProperties) = preSolution
		HideSolutionNode = FALSE
	EndGlobalSection
	GlobalSection(ExtensibilityGlobals) = postSolution
		SolutionGuid = {6B9FF3EA-CB94-4A24-9A45-5F3AB7C3BEC3}
	EndGlobalSection
EndGlobal
